{
  "version": 4,
  "terraform_version": "1.14.3",
  "serial": 188,
  "lineage": "abbcf93d-d1d7-0c0b-61f6-fef0d4591b67",
  "outputs": {
    "availability_zones_used": {
      "value": [
        "us-east-1a",
        "us-east-1b",
        "us-east-1c",
        "us-east-1d"
      ],
      "type": [
        "list",
        "string"
      ]
    },
    "internet_gateway_id": {
      "value": "igw-08cde7090bf13c360",
      "type": "string"
    },
    "isolated_route_table_id": {
      "value": "rtb-0c685bd55b55d7154",
      "type": "string"
    },
    "isolated_subnet_cidrs": {
      "value": [
        "10.0.192.0/21",
        "10.0.200.0/21",
        "10.0.208.0/21",
        "10.0.216.0/21"
      ],
      "type": [
        "tuple",
        [
          "string",
          "string",
          "string",
          "string"
        ]
      ]
    },
    "isolated_subnet_ids": {
      "value": [
        "subnet-017337400b6c18476",
        "subnet-009bdc53d6916a127",
        "subnet-0e7a39e93527b1015",
        "subnet-0114347ce70fa6cda"
      ],
      "type": [
        "tuple",
        [
          "string",
          "string",
          "string",
          "string"
        ]
      ]
    },
    "nat_gateway_ids": {
      "value": [
        "nat-15f3e13499f175971"
      ],
      "type": [
        "tuple",
        [
          "string"
        ]
      ]
    },
    "nat_gateway_mode": {
      "value": "regional",
      "type": "string"
    },
    "nat_gateway_public_ips": {
      "value": [
        "18.210.30.27"
      ],
      "type": [
        "tuple",
        [
          "string"
        ]
      ]
    },
    "private_route_table_ids": {
      "value": [
        "rtb-0a69f71f28d3878b6"
      ],
      "type": [
        "tuple",
        [
          "string"
        ]
      ]
    },
    "private_subnet_cidrs": {
      "value": [
        "10.0.0.0/19",
        "10.0.32.0/19",
        "10.0.64.0/19",
        "10.0.96.0/19"
      ],
      "type": [
        "tuple",
        [
          "string",
          "string",
          "string",
          "string"
        ]
      ]
    },
    "private_subnet_ids": {
      "value": [
        "subnet-0dbb23b716ee73a38",
        "subnet-000bf8fd7d4c4afa6",
        "subnet-0636953717e784e07",
        "subnet-0ec522f1d1b6ae976"
      ],
      "type": [
        "tuple",
        [
          "string",
          "string",
          "string",
          "string"
        ]
      ]
    },
    "public_route_table_id": {
      "value": "rtb-0dacdc0f9046e381a",
      "type": "string"
    },
    "public_subnet_cidrs": {
      "value": [
        "10.0.128.0/20",
        "10.0.144.0/20",
        "10.0.160.0/20",
        "10.0.176.0/20"
      ],
      "type": [
        "tuple",
        [
          "string",
          "string",
          "string",
          "string"
        ]
      ]
    },
    "public_subnet_ids": {
      "value": [
        "subnet-0304a18c42fe5f2f2",
        "subnet-068c35d60204759cf",
        "subnet-04065d112fcabd4aa",
        "subnet-0cebe8ce221ae180d"
      ],
      "type": [
        "tuple",
        [
          "string",
          "string",
          "string",
          "string"
        ]
      ]
    },
    "routing_summary": {
      "value": {
        "isolated": {
          "description": "No internet access for RDS, ElastiCache (most secure)",
          "internet_route": "None - VPC local only",
          "route_table_count": 1
        },
        "nat_gateway_mode": "regional",
        "private": {
          "description": "Outbound via regional NAT (cost-optimized, HA)",
          "internet_route": "0.0.0.0/0 → Regional NAT Gateway (HA)",
          "nat_gateway_count": 1,
          "route_table_count": 1
        },
        "public": {
          "description": "Direct internet access for ALBs, NAT GWs, Bastion",
          "internet_route": "0.0.0.0/0 → Internet Gateway",
          "route_table_count": 1
        }
      },
      "type": [
        "object",
        {
          "isolated": [
            "object",
            {
              "description": "string",
              "internet_route": "string",
              "route_table_count": "number"
            }
          ],
          "nat_gateway_mode": "string",
          "private": [
            "object",
            {
              "description": "string",
              "internet_route": "string",
              "nat_gateway_count": "number",
              "route_table_count": "number"
            }
          ],
          "public": [
            "object",
            {
              "description": "string",
              "internet_route": "string",
              "route_table_count": "number"
            }
          ]
        }
      ]
    },
    "subnet_summary": {
      "value": {
        "isolated": {
          "count": 4,
          "purpose": "RDS, ElastiCache",
          "subnet_size": "/21 (2,048 IPs each)"
        },
        "private": {
          "count": 4,
          "purpose": "EKS nodes, ECS, Apps",
          "subnet_size": "/19 (8,192 IPs each)"
        },
        "public": {
          "count": 4,
          "purpose": "ALB, NAT Gateway, Bastion",
          "subnet_size": "/20 (4,096 IPs each)"
        }
      },
      "type": [
        "object",
        {
          "isolated": [
            "object",
            {
              "count": "number",
              "purpose": "string",
              "subnet_size": "string"
            }
          ],
          "private": [
            "object",
            {
              "count": "number",
              "purpose": "string",
              "subnet_size": "string"
            }
          ],
          "public": [
            "object",
            {
              "count": "number",
              "purpose": "string",
              "subnet_size": "string"
            }
          ]
        }
      ]
    },
    "vpc_id": {
      "value": "vpc-0d8fd6bec7712b053",
      "type": "string"
    }
  },
  "resources": [
    {
      "mode": "data",
      "type": "aws_availability_zones",
      "name": "available",
      "provider": "provider[\"registry.terraform.io/hashicorp/aws\"]",
      "instances": [
        {
          "schema_version": 0,
          "attributes": {
            "all_availability_zones": null,
            "exclude_names": null,
            "exclude_zone_ids": null,
            "filter": null,
            "group_names": [
              "us-east-1-zg-1"
            ],
            "id": "us-east-1",
            "names": [
              "us-east-1a",
              "us-east-1b",
              "us-east-1c",
              "us-east-1d",
              "us-east-1e",
              "us-east-1f"
            ],
            "region": "us-east-1",
            "state": "available",
            "timeouts": null,
            "zone_ids": [
              "use1-az1",
              "use1-az2",
              "use1-az4",
              "use1-az6",
              "use1-az3",
              "use1-az5"
            ]
          },
          "sensitive_attributes": [],
          "identity_schema_version": 0
        }
      ]
    },
    {
      "mode": "data",
      "type": "aws_vpcs",
      "name": "existing",
      "provider": "provider[\"registry.terraform.io/hashicorp/aws\"]",
      "instances": [
        {
          "schema_version": 0,
          "attributes": {
            "filter": [
              {
                "name": "cidr-block",
                "values": [
                  "10.0.0.0/16"
                ]
              }
            ],
            "id": "us-east-1",
            "ids": [
              "vpc-0d8fd6bec7712b053"
            ],
            "region": "us-east-1",
            "tags": null,
            "timeouts": null
          },
          "sensitive_attributes": [],
          "identity_schema_version": 0
        }
      ]
    },
    {
      "mode": "managed",
      "type": "aws_eip",
      "name": "nat",
      "provider": "provider[\"registry.terraform.io/hashicorp/aws\"]",
      "instances": [
        {
          "index_key": 0,
          "schema_version": 0,
          "attributes": {
            "address": null,
            "allocation_id": "eipalloc-0e2152f24e62bb99d",
            "arn": "arn:aws:ec2:us-east-1:382859795217:elastic-ip/eipalloc-0e2152f24e62bb99d",
            "associate_with_private_ip": null,
            "association_id": "",
            "carrier_ip": "",
            "customer_owned_ip": "",
            "customer_owned_ipv4_pool": "",
            "domain": "vpc",
            "id": "eipalloc-0e2152f24e62bb99d",
            "instance": "",
            "ipam_pool_id": null,
            "network_border_group": "us-east-1",
            "network_interface": "",
            "private_dns": null,
            "private_ip": "",
            "ptr_record": "",
            "public_dns": "ec2-18-210-30-27.compute-1.amazonaws.com",
            "public_ip": "18.210.30.27",
            "public_ipv4_pool": "amazon",
            "region": "us-east-1",
            "tags": {
              "Name": "nat-eip-regional"
            },
            "tags_all": {
              "Name": "nat-eip-regional"
            },
            "timeouts": null
          },
          "sensitive_attributes": [],
          "identity_schema_version": 0,
          "private": "eyJlMmJmYjczMC1lY2FhLTExZTYtOGY4OC0zNDM2M2JjN2M0YzAiOnsiZGVsZXRlIjoxODAwMDAwMDAwMDAsInJlYWQiOjkwMDAwMDAwMDAwMCwidXBkYXRlIjozMDAwMDAwMDAwMDB9fQ==",
          "dependencies": [
            "aws_internet_gateway.main",
            "aws_vpc.eks_vpc",
            "data.aws_availability_zones.available",
            "data.aws_vpcs.existing"
          ]
        }
      ]
    },
    {
      "mode": "managed",
      "type": "aws_internet_gateway",
      "name": "main",
      "provider": "provider[\"registry.terraform.io/hashicorp/aws\"]",
      "instances": [
        {
          "schema_version": 0,
          "attributes": {
            "arn": "arn:aws:ec2:us-east-1:382859795217:internet-gateway/igw-08cde7090bf13c360",
            "id": "igw-08cde7090bf13c360",
            "owner_id": "382859795217",
            "region": "us-east-1",
            "tags": {
              "Name": "eks-vpc-igw"
            },
            "tags_all": {
              "Name": "eks-vpc-igw"
            },
            "timeouts": null,
            "vpc_id": "vpc-0d8fd6bec7712b053"
          },
          "sensitive_attributes": [],
          "identity_schema_version": 0,
          "private": "eyJlMmJmYjczMC1lY2FhLTExZTYtOGY4OC0zNDM2M2JjN2M0YzAiOnsiY3JlYXRlIjoxMjAwMDAwMDAwMDAwLCJkZWxldGUiOjEyMDAwMDAwMDAwMDAsInVwZGF0ZSI6MTIwMDAwMDAwMDAwMH19",
          "dependencies": [
            "aws_vpc.eks_vpc",
            "data.aws_vpcs.existing"
          ]
        }
      ]
    },
    {
      "mode": "managed",
      "type": "aws_nat_gateway",
      "name": "main",
      "provider": "provider[\"registry.terraform.io/hashicorp/aws\"]",
      "instances": [
        {
          "index_key": 0,
          "schema_version": 0,
          "attributes": {
            "allocation_id": "eipalloc-0e2152f24e62bb99d",
            "association_id": null,
            "auto_provision_zones": "enabled",
            "auto_scaling_ips": "enabled",
            "availability_mode": "regional",
            "availability_zone_address": [],
            "connectivity_type": "public",
            "id": "nat-15f3e13499f175971",
            "network_interface_id": null,
            "private_ip": null,
            "public_ip": null,
            "region": "us-east-1",
            "regional_nat_gateway_address": [
              {
                "allocation_id": "eipalloc-040ec8cbbfae38080",
                "association_id": "eipassoc-0c4d4b078839534fa",
                "availability_zone": "us-east-1f",
                "availability_zone_id": "use1-az5",
                "network_interface_id": "",
                "public_ip": "52.204.47.54",
                "status": "succeeded"
              }
            ],
            "regional_nat_gateway_auto_mode": "enabled",
            "route_table_id": "rtb-0968b19863ed70ff0",
            "secondary_allocation_ids": [],
            "secondary_private_ip_address_count": null,
            "secondary_private_ip_addresses": [],
            "subnet_id": null,
            "tags": {
              "Name": "nat-gw-regional"
            },
            "tags_all": {
              "Name": "nat-gw-regional"
            },
            "timeouts": null,
            "vpc_id": "vpc-0d8fd6bec7712b053"
          },
          "sensitive_attributes": [],
          "identity_schema_version": 0,
          "private": "eyJlMmJmYjczMC1lY2FhLTExZTYtOGY4OC0zNDM2M2JjN2M0YzAiOnsiY3JlYXRlIjo2MDAwMDAwMDAwMDAsImRlbGV0ZSI6MTgwMDAwMDAwMDAwMCwidXBkYXRlIjo2MDAwMDAwMDAwMDB9fQ==",
          "dependencies": [
            "aws_eip.nat",
            "aws_internet_gateway.main",
            "aws_subnet.public",
            "aws_vpc.eks_vpc",
            "data.aws_availability_zones.available",
            "data.aws_vpcs.existing"
          ]
        }
      ]
    },
    {
      "mode": "managed",
      "type": "aws_network_acl",
      "name": "isolated",
      "provider": "provider[\"registry.terraform.io/hashicorp/aws\"]",
      "instances": [
        {
          "schema_version": 0,
          "attributes": {
            "arn": "arn:aws:ec2:us-east-1:382859795217:network-acl/acl-0566b6f180411396b",
            "egress": [],
            "id": "acl-0566b6f180411396b",
            "ingress": [],
            "owner_id": "382859795217",
            "region": "us-east-1",
            "subnet_ids": [
              "subnet-009bdc53d6916a127",
              "subnet-0114347ce70fa6cda",
              "subnet-017337400b6c18476",
              "subnet-0e7a39e93527b1015"
            ],
            "tags": {
              "Name": "isolated-nacl",
              "Type": "isolated"
            },
            "tags_all": {
              "Name": "isolated-nacl",
              "Type": "isolated"
            },
            "vpc_id": "vpc-0d8fd6bec7712b053"
          },
          "sensitive_attributes": [],
          "identity_schema_version": 0,
          "private": "bnVsbA==",
          "dependencies": [
            "aws_subnet.isolated",
            "aws_vpc.eks_vpc",
            "data.aws_availability_zones.available",
            "data.aws_vpcs.existing"
          ]
        }
      ]
    },
    {
      "mode": "managed",
      "type": "aws_network_acl_rule",
      "name": "isolated_egress_allow_vpc",
      "provider": "provider[\"registry.terraform.io/hashicorp/aws\"]",
      "instances": [
        {
          "schema_version": 0,
          "attributes": {
            "cidr_block": "10.0.0.0/16",
            "egress": true,
            "from_port": null,
            "icmp_code": null,
            "icmp_type": null,
            "id": "nacl-3617743682",
            "ipv6_cidr_block": "",
            "network_acl_id": "acl-0566b6f180411396b",
            "protocol": "-1",
            "region": "us-east-1",
            "rule_action": "allow",
            "rule_number": 100,
            "to_port": null
          },
          "sensitive_attributes": [],
          "identity_schema_version": 0,
          "private": "bnVsbA==",
          "dependencies": [
            "aws_network_acl.isolated",
            "aws_subnet.isolated",
            "aws_vpc.eks_vpc",
            "data.aws_availability_zones.available",
            "data.aws_vpcs.existing"
          ]
        }
      ]
    },
    {
      "mode": "managed",
      "type": "aws_network_acl_rule",
      "name": "isolated_egress_deny_all",
      "provider": "provider[\"registry.terraform.io/hashicorp/aws\"]",
      "instances": [
        {
          "schema_version": 0,
          "attributes": {
            "cidr_block": "0.0.0.0/0",
            "egress": true,
            "from_port": null,
            "icmp_code": null,
            "icmp_type": null,
            "id": "nacl-2688332210",
            "ipv6_cidr_block": "",
            "network_acl_id": "acl-0566b6f180411396b",
            "protocol": "-1",
            "region": "us-east-1",
            "rule_action": "deny",
            "rule_number": 200,
            "to_port": null
          },
          "sensitive_attributes": [],
          "identity_schema_version": 0,
          "private": "bnVsbA==",
          "dependencies": [
            "aws_network_acl.isolated",
            "aws_subnet.isolated",
            "aws_vpc.eks_vpc",
            "data.aws_availability_zones.available",
            "data.aws_vpcs.existing"
          ]
        }
      ]
    },
    {
      "mode": "managed",
      "type": "aws_network_acl_rule",
      "name": "isolated_ingress_allow_vpc",
      "provider": "provider[\"registry.terraform.io/hashicorp/aws\"]",
      "instances": [
        {
          "schema_version": 0,
          "attributes": {
            "cidr_block": "10.0.0.0/16",
            "egress": false,
            "from_port": null,
            "icmp_code": null,
            "icmp_type": null,
            "id": "nacl-3285926210",
            "ipv6_cidr_block": "",
            "network_acl_id": "acl-0566b6f180411396b",
            "protocol": "-1",
            "region": "us-east-1",
            "rule_action": "allow",
            "rule_number": 100,
            "to_port": null
          },
          "sensitive_attributes": [],
          "identity_schema_version": 0,
          "private": "bnVsbA==",
          "dependencies": [
            "aws_network_acl.isolated",
            "aws_subnet.isolated",
            "aws_vpc.eks_vpc",
            "data.aws_availability_zones.available",
            "data.aws_vpcs.existing"
          ]
        }
      ]
    },
    {
      "mode": "managed",
      "type": "aws_network_acl_rule",
      "name": "isolated_ingress_deny_all",
      "provider": "provider[\"registry.terraform.io/hashicorp/aws\"]",
      "instances": [
        {
          "schema_version": 0,
          "attributes": {
            "cidr_block": "0.0.0.0/0",
            "egress": false,
            "from_port": null,
            "icmp_code": null,
            "icmp_type": null,
            "id": "nacl-2115054988",
            "ipv6_cidr_block": "",
            "network_acl_id": "acl-0566b6f180411396b",
            "protocol": "-1",
            "region": "us-east-1",
            "rule_action": "deny",
            "rule_number": 200,
            "to_port": null
          },
          "sensitive_attributes": [],
          "identity_schema_version": 0,
          "private": "bnVsbA==",
          "dependencies": [
            "aws_network_acl.isolated",
            "aws_subnet.isolated",
            "aws_vpc.eks_vpc",
            "data.aws_availability_zones.available",
            "data.aws_vpcs.existing"
          ]
        }
      ]
    },
    {
      "mode": "managed",
      "type": "aws_route",
      "name": "private_nat",
      "provider": "provider[\"registry.terraform.io/hashicorp/aws\"]",
      "instances": [
        {
          "index_key": 0,
          "schema_version": 0,
          "attributes": {
            "carrier_gateway_id": "",
            "core_network_arn": "",
            "destination_cidr_block": "0.0.0.0/0",
            "destination_ipv6_cidr_block": "",
            "destination_prefix_list_id": "",
            "egress_only_gateway_id": "",
            "gateway_id": "",
            "id": "r-rtb-0a69f71f28d3878b61080289494",
            "instance_id": "",
            "instance_owner_id": "",
            "local_gateway_id": "",
            "nat_gateway_id": "nat-15f3e13499f175971",
            "network_interface_id": "",
            "origin": "CreateRoute",
            "region": "us-east-1",
            "route_table_id": "rtb-0a69f71f28d3878b6",
            "state": "active",
            "timeouts": null,
            "transit_gateway_id": "",
            "vpc_endpoint_id": "",
            "vpc_peering_connection_id": ""
          },
          "sensitive_attributes": [],
          "identity_schema_version": 0,
          "identity": {
            "account_id": "382859795217",
            "destination_cidr_block": "0.0.0.0/0",
            "destination_ipv6_cidr_block": null,
            "destination_prefix_list_id": null,
            "region": "us-east-1",
            "route_table_id": "rtb-0a69f71f28d3878b6"
          },
          "private": "eyJlMmJmYjczMC1lY2FhLTExZTYtOGY4OC0zNDM2M2JjN2M0YzAiOnsiY3JlYXRlIjozMDAwMDAwMDAwMDAsImRlbGV0ZSI6MzAwMDAwMDAwMDAwLCJ1cGRhdGUiOjEyMDAwMDAwMDAwMH19",
          "dependencies": [
            "aws_eip.nat",
            "aws_internet_gateway.main",
            "aws_nat_gateway.main",
            "aws_route_table.private",
            "aws_subnet.public",
            "aws_vpc.eks_vpc",
            "data.aws_availability_zones.available",
            "data.aws_vpcs.existing"
          ]
        }
      ]
    },
    {
      "mode": "managed",
      "type": "aws_route",
      "name": "public_internet",
      "provider": "provider[\"registry.terraform.io/hashicorp/aws\"]",
      "instances": [
        {
          "schema_version": 0,
          "attributes": {
            "carrier_gateway_id": "",
            "core_network_arn": "",
            "destination_cidr_block": "0.0.0.0/0",
            "destination_ipv6_cidr_block": "",
            "destination_prefix_list_id": "",
            "egress_only_gateway_id": "",
            "gateway_id": "igw-08cde7090bf13c360",
            "id": "r-rtb-0dacdc0f9046e381a1080289494",
            "instance_id": "",
            "instance_owner_id": "",
            "local_gateway_id": "",
            "nat_gateway_id": "",
            "network_interface_id": "",
            "origin": "CreateRoute",
            "region": "us-east-1",
            "route_table_id": "rtb-0dacdc0f9046e381a",
            "state": "active",
            "timeouts": null,
            "transit_gateway_id": "",
            "vpc_endpoint_id": "",
            "vpc_peering_connection_id": ""
          },
          "sensitive_attributes": [],
          "identity_schema_version": 0,
          "identity": {
            "account_id": "382859795217",
            "destination_cidr_block": "0.0.0.0/0",
            "destination_ipv6_cidr_block": null,
            "destination_prefix_list_id": null,
            "region": "us-east-1",
            "route_table_id": "rtb-0dacdc0f9046e381a"
          },
          "private": "eyJlMmJmYjczMC1lY2FhLTExZTYtOGY4OC0zNDM2M2JjN2M0YzAiOnsiY3JlYXRlIjozMDAwMDAwMDAwMDAsImRlbGV0ZSI6MzAwMDAwMDAwMDAwLCJ1cGRhdGUiOjEyMDAwMDAwMDAwMH19",
          "dependencies": [
            "aws_internet_gateway.main",
            "aws_route_table.public",
            "aws_vpc.eks_vpc",
            "data.aws_vpcs.existing"
          ]
        }
      ]
    },
    {
      "mode": "managed",
      "type": "aws_route_table",
      "name": "isolated",
      "provider": "provider[\"registry.terraform.io/hashicorp/aws\"]",
      "instances": [
        {
          "schema_version": 0,
          "attributes": {
            "arn": "arn:aws:ec2:us-east-1:382859795217:route-table/rtb-0c685bd55b55d7154",
            "id": "rtb-0c685bd55b55d7154",
            "owner_id": "382859795217",
            "propagating_vgws": [],
            "region": "us-east-1",
            "route": [],
            "tags": {
              "Name": "isolated-rt",
              "Type": "isolated"
            },
            "tags_all": {
              "Name": "isolated-rt",
              "Type": "isolated"
            },
            "timeouts": null,
            "vpc_id": "vpc-0d8fd6bec7712b053"
          },
          "sensitive_attributes": [],
          "identity_schema_version": 0,
          "identity": {
            "account_id": "382859795217",
            "id": "rtb-0c685bd55b55d7154",
            "region": "us-east-1"
          },
          "private": "eyJlMmJmYjczMC1lY2FhLTExZTYtOGY4OC0zNDM2M2JjN2M0YzAiOnsiY3JlYXRlIjozMDAwMDAwMDAwMDAsImRlbGV0ZSI6MzAwMDAwMDAwMDAwLCJ1cGRhdGUiOjEyMDAwMDAwMDAwMH19",
          "dependencies": [
            "aws_vpc.eks_vpc",
            "data.aws_vpcs.existing"
          ]
        }
      ]
    },
    {
      "mode": "managed",
      "type": "aws_route_table",
      "name": "private",
      "provider": "provider[\"registry.terraform.io/hashicorp/aws\"]",
      "instances": [
        {
          "index_key": 0,
          "schema_version": 0,
          "attributes": {
            "arn": "arn:aws:ec2:us-east-1:382859795217:route-table/rtb-0a69f71f28d3878b6",
            "id": "rtb-0a69f71f28d3878b6",
            "owner_id": "382859795217",
            "propagating_vgws": [],
            "region": "us-east-1",
            "route": [
              {
                "carrier_gateway_id": "",
                "cidr_block": "0.0.0.0/0",
                "core_network_arn": "",
                "destination_prefix_list_id": "",
                "egress_only_gateway_id": "",
                "gateway_id": "",
                "ipv6_cidr_block": "",
                "local_gateway_id": "",
                "nat_gateway_id": "nat-15f3e13499f175971",
                "network_interface_id": "",
                "transit_gateway_id": "",
                "vpc_endpoint_id": "",
                "vpc_peering_connection_id": ""
              }
            ],
            "tags": {
              "Name": "private-rt",
              "Type": "private"
            },
            "tags_all": {
              "Name": "private-rt",
              "Type": "private"
            },
            "timeouts": null,
            "vpc_id": "vpc-0d8fd6bec7712b053"
          },
          "sensitive_attributes": [],
          "identity_schema_version": 0,
          "identity": {
            "account_id": "382859795217",
            "id": "rtb-0a69f71f28d3878b6",
            "region": "us-east-1"
          },
          "private": "eyJlMmJmYjczMC1lY2FhLTExZTYtOGY4OC0zNDM2M2JjN2M0YzAiOnsiY3JlYXRlIjozMDAwMDAwMDAwMDAsImRlbGV0ZSI6MzAwMDAwMDAwMDAwLCJ1cGRhdGUiOjEyMDAwMDAwMDAwMH19",
          "dependencies": [
            "aws_vpc.eks_vpc",
            "data.aws_availability_zones.available",
            "data.aws_vpcs.existing"
          ]
        }
      ]
    },
    {
      "mode": "managed",
      "type": "aws_route_table",
      "name": "public",
      "provider": "provider[\"registry.terraform.io/hashicorp/aws\"]",
      "instances": [
        {
          "schema_version": 0,
          "attributes": {
            "arn": "arn:aws:ec2:us-east-1:382859795217:route-table/rtb-0dacdc0f9046e381a",
            "id": "rtb-0dacdc0f9046e381a",
            "owner_id": "382859795217",
            "propagating_vgws": [],
            "region": "us-east-1",
            "route": [
              {
                "carrier_gateway_id": "",
                "cidr_block": "0.0.0.0/0",
                "core_network_arn": "",
                "destination_prefix_list_id": "",
                "egress_only_gateway_id": "",
                "gateway_id": "igw-08cde7090bf13c360",
                "ipv6_cidr_block": "",
                "local_gateway_id": "",
                "nat_gateway_id": "",
                "network_interface_id": "",
                "transit_gateway_id": "",
                "vpc_endpoint_id": "",
                "vpc_peering_connection_id": ""
              }
            ],
            "tags": {
              "Name": "public-rt",
              "Type": "public"
            },
            "tags_all": {
              "Name": "public-rt",
              "Type": "public"
            },
            "timeouts": null,
            "vpc_id": "vpc-0d8fd6bec7712b053"
          },
          "sensitive_attributes": [],
          "identity_schema_version": 0,
          "identity": {
            "account_id": "382859795217",
            "id": "rtb-0dacdc0f9046e381a",
            "region": "us-east-1"
          },
          "private": "eyJlMmJmYjczMC1lY2FhLTExZTYtOGY4OC0zNDM2M2JjN2M0YzAiOnsiY3JlYXRlIjozMDAwMDAwMDAwMDAsImRlbGV0ZSI6MzAwMDAwMDAwMDAwLCJ1cGRhdGUiOjEyMDAwMDAwMDAwMH19",
          "dependencies": [
            "aws_vpc.eks_vpc",
            "data.aws_vpcs.existing"
          ]
        }
      ]
    },
    {
      "mode": "managed",
      "type": "aws_route_table_association",
      "name": "isolated",
      "provider": "provider[\"registry.terraform.io/hashicorp/aws\"]",
      "instances": [
        {
          "index_key": 0,
          "schema_version": 0,
          "attributes": {
            "gateway_id": "",
            "id": "rtbassoc-00a32a004574d7c22",
            "region": "us-east-1",
            "route_table_id": "rtb-0c685bd55b55d7154",
            "subnet_id": "subnet-017337400b6c18476",
            "timeouts": null
          },
          "sensitive_attributes": [],
          "identity_schema_version": 0,
          "private": "eyJlMmJmYjczMC1lY2FhLTExZTYtOGY4OC0zNDM2M2JjN2M0YzAiOnsiY3JlYXRlIjozMDAwMDAwMDAwMDAsImRlbGV0ZSI6MzAwMDAwMDAwMDAwLCJ1cGRhdGUiOjEyMDAwMDAwMDAwMH19",
          "dependencies": [
            "aws_route_table.isolated",
            "aws_subnet.isolated",
            "aws_vpc.eks_vpc",
            "data.aws_availability_zones.available",
            "data.aws_vpcs.existing"
          ]
        },
        {
          "index_key": 1,
          "schema_version": 0,
          "attributes": {
            "gateway_id": "",
            "id": "rtbassoc-032da2b033a34f581",
            "region": "us-east-1",
            "route_table_id": "rtb-0c685bd55b55d7154",
            "subnet_id": "subnet-009bdc53d6916a127",
            "timeouts": null
          },
          "sensitive_attributes": [],
          "identity_schema_version": 0,
          "private": "eyJlMmJmYjczMC1lY2FhLTExZTYtOGY4OC0zNDM2M2JjN2M0YzAiOnsiY3JlYXRlIjozMDAwMDAwMDAwMDAsImRlbGV0ZSI6MzAwMDAwMDAwMDAwLCJ1cGRhdGUiOjEyMDAwMDAwMDAwMH19",
          "dependencies": [
            "aws_route_table.isolated",
            "aws_subnet.isolated",
            "aws_vpc.eks_vpc",
            "data.aws_availability_zones.available",
            "data.aws_vpcs.existing"
          ]
        },
        {
          "index_key": 2,
          "schema_version": 0,
          "attributes": {
            "gateway_id": "",
            "id": "rtbassoc-07c45b5463e3dea6d",
            "region": "us-east-1",
            "route_table_id": "rtb-0c685bd55b55d7154",
            "subnet_id": "subnet-0e7a39e93527b1015",
            "timeouts": null
          },
          "sensitive_attributes": [],
          "identity_schema_version": 0,
          "private": "eyJlMmJmYjczMC1lY2FhLTExZTYtOGY4OC0zNDM2M2JjN2M0YzAiOnsiY3JlYXRlIjozMDAwMDAwMDAwMDAsImRlbGV0ZSI6MzAwMDAwMDAwMDAwLCJ1cGRhdGUiOjEyMDAwMDAwMDAwMH19",
          "dependencies": [
            "aws_route_table.isolated",
            "aws_subnet.isolated",
            "aws_vpc.eks_vpc",
            "data.aws_availability_zones.available",
            "data.aws_vpcs.existing"
          ]
        },
        {
          "index_key": 3,
          "schema_version": 0,
          "attributes": {
            "gateway_id": "",
            "id": "rtbassoc-051d22cf337d05095",
            "region": "us-east-1",
            "route_table_id": "rtb-0c685bd55b55d7154",
            "subnet_id": "subnet-0114347ce70fa6cda",
            "timeouts": null
          },
          "sensitive_attributes": [],
          "identity_schema_version": 0,
          "private": "eyJlMmJmYjczMC1lY2FhLTExZTYtOGY4OC0zNDM2M2JjN2M0YzAiOnsiY3JlYXRlIjozMDAwMDAwMDAwMDAsImRlbGV0ZSI6MzAwMDAwMDAwMDAwLCJ1cGRhdGUiOjEyMDAwMDAwMDAwMH19",
          "dependencies": [
            "aws_route_table.isolated",
            "aws_subnet.isolated",
            "aws_vpc.eks_vpc",
            "data.aws_availability_zones.available",
            "data.aws_vpcs.existing"
          ]
        }
      ]
    },
    {
      "mode": "managed",
      "type": "aws_route_table_association",
      "name": "private",
      "provider": "provider[\"registry.terraform.io/hashicorp/aws\"]",
      "instances": [
        {
          "index_key": 0,
          "schema_version": 0,
          "attributes": {
            "gateway_id": "",
            "id": "rtbassoc-01a07c886a4bf4627",
            "region": "us-east-1",
            "route_table_id": "rtb-0a69f71f28d3878b6",
            "subnet_id": "subnet-0dbb23b716ee73a38",
            "timeouts": null
          },
          "sensitive_attributes": [],
          "identity_schema_version": 0,
          "private": "eyJlMmJmYjczMC1lY2FhLTExZTYtOGY4OC0zNDM2M2JjN2M0YzAiOnsiY3JlYXRlIjozMDAwMDAwMDAwMDAsImRlbGV0ZSI6MzAwMDAwMDAwMDAwLCJ1cGRhdGUiOjEyMDAwMDAwMDAwMH19",
          "dependencies": [
            "aws_route_table.private",
            "aws_subnet.private",
            "aws_vpc.eks_vpc",
            "data.aws_availability_zones.available",
            "data.aws_vpcs.existing"
          ]
        },
        {
          "index_key": 1,
          "schema_version": 0,
          "attributes": {
            "gateway_id": "",
            "id": "rtbassoc-0e9512c602e917a69",
            "region": "us-east-1",
            "route_table_id": "rtb-0a69f71f28d3878b6",
            "subnet_id": "subnet-000bf8fd7d4c4afa6",
            "timeouts": null
          },
          "sensitive_attributes": [],
          "identity_schema_version": 0,
          "private": "eyJlMmJmYjczMC1lY2FhLTExZTYtOGY4OC0zNDM2M2JjN2M0YzAiOnsiY3JlYXRlIjozMDAwMDAwMDAwMDAsImRlbGV0ZSI6MzAwMDAwMDAwMDAwLCJ1cGRhdGUiOjEyMDAwMDAwMDAwMH19",
          "dependencies": [
            "aws_route_table.private",
            "aws_subnet.private",
            "aws_vpc.eks_vpc",
            "data.aws_availability_zones.available",
            "data.aws_vpcs.existing"
          ]
        },
        {
          "index_key": 2,
          "schema_version": 0,
          "attributes": {
            "gateway_id": "",
            "id": "rtbassoc-024a141ff42959df5",
            "region": "us-east-1",
            "route_table_id": "rtb-0a69f71f28d3878b6",
            "subnet_id": "subnet-0636953717e784e07",
            "timeouts": null
          },
          "sensitive_attributes": [],
          "identity_schema_version": 0,
          "private": "eyJlMmJmYjczMC1lY2FhLTExZTYtOGY4OC0zNDM2M2JjN2M0YzAiOnsiY3JlYXRlIjozMDAwMDAwMDAwMDAsImRlbGV0ZSI6MzAwMDAwMDAwMDAwLCJ1cGRhdGUiOjEyMDAwMDAwMDAwMH19",
          "dependencies": [
            "aws_route_table.private",
            "aws_subnet.private",
            "aws_vpc.eks_vpc",
            "data.aws_availability_zones.available",
            "data.aws_vpcs.existing"
          ]
        },
        {
          "index_key": 3,
          "schema_version": 0,
          "attributes": {
            "gateway_id": "",
            "id": "rtbassoc-00bfb951cd423c4f0",
            "region": "us-east-1",
            "route_table_id": "rtb-0a69f71f28d3878b6",
            "subnet_id": "subnet-0ec522f1d1b6ae976",
            "timeouts": null
          },
          "sensitive_attributes": [],
          "identity_schema_version": 0,
          "private": "eyJlMmJmYjczMC1lY2FhLTExZTYtOGY4OC0zNDM2M2JjN2M0YzAiOnsiY3JlYXRlIjozMDAwMDAwMDAwMDAsImRlbGV0ZSI6MzAwMDAwMDAwMDAwLCJ1cGRhdGUiOjEyMDAwMDAwMDAwMH19",
          "dependencies": [
            "aws_route_table.private",
            "aws_subnet.private",
            "aws_vpc.eks_vpc",
            "data.aws_availability_zones.available",
            "data.aws_vpcs.existing"
          ]
        }
      ]
    },
    {
      "mode": "managed",
      "type": "aws_route_table_association",
      "name": "public",
      "provider": "provider[\"registry.terraform.io/hashicorp/aws\"]",
      "instances": [
        {
          "index_key": 0,
          "schema_version": 0,
          "attributes": {
            "gateway_id": "",
            "id": "rtbassoc-01fe6f6561b733a7d",
            "region": "us-east-1",
            "route_table_id": "rtb-0dacdc0f9046e381a",
            "subnet_id": "subnet-0304a18c42fe5f2f2",
            "timeouts": null
          },
          "sensitive_attributes": [],
          "identity_schema_version": 0,
          "private": "eyJlMmJmYjczMC1lY2FhLTExZTYtOGY4OC0zNDM2M2JjN2M0YzAiOnsiY3JlYXRlIjozMDAwMDAwMDAwMDAsImRlbGV0ZSI6MzAwMDAwMDAwMDAwLCJ1cGRhdGUiOjEyMDAwMDAwMDAwMH19",
          "dependencies": [
            "aws_route_table.public",
            "aws_subnet.public",
            "aws_vpc.eks_vpc",
            "data.aws_availability_zones.available",
            "data.aws_vpcs.existing"
          ]
        },
        {
          "index_key": 1,
          "schema_version": 0,
          "attributes": {
            "gateway_id": "",
            "id": "rtbassoc-0e9808bcdb1b90968",
            "region": "us-east-1",
            "route_table_id": "rtb-0dacdc0f9046e381a",
            "subnet_id": "subnet-068c35d60204759cf",
            "timeouts": null
          },
          "sensitive_attributes": [],
          "identity_schema_version": 0,
          "private": "eyJlMmJmYjczMC1lY2FhLTExZTYtOGY4OC0zNDM2M2JjN2M0YzAiOnsiY3JlYXRlIjozMDAwMDAwMDAwMDAsImRlbGV0ZSI6MzAwMDAwMDAwMDAwLCJ1cGRhdGUiOjEyMDAwMDAwMDAwMH19",
          "dependencies": [
            "aws_route_table.public",
            "aws_subnet.public",
            "aws_vpc.eks_vpc",
            "data.aws_availability_zones.available",
            "data.aws_vpcs.existing"
          ]
        },
        {
          "index_key": 2,
          "schema_version": 0,
          "attributes": {
            "gateway_id": "",
            "id": "rtbassoc-031b53e3bfd961682",
            "region": "us-east-1",
            "route_table_id": "rtb-0dacdc0f9046e381a",
            "subnet_id": "subnet-04065d112fcabd4aa",
            "timeouts": null
          },
          "sensitive_attributes": [],
          "identity_schema_version": 0,
          "private": "eyJlMmJmYjczMC1lY2FhLTExZTYtOGY4OC0zNDM2M2JjN2M0YzAiOnsiY3JlYXRlIjozMDAwMDAwMDAwMDAsImRlbGV0ZSI6MzAwMDAwMDAwMDAwLCJ1cGRhdGUiOjEyMDAwMDAwMDAwMH19",
          "dependencies": [
            "aws_route_table.public",
            "aws_subnet.public",
            "aws_vpc.eks_vpc",
            "data.aws_availability_zones.available",
            "data.aws_vpcs.existing"
          ]
        },
        {
          "index_key": 3,
          "schema_version": 0,
          "attributes": {
            "gateway_id": "",
            "id": "rtbassoc-076fe57f2cb604a9f",
            "region": "us-east-1",
            "route_table_id": "rtb-0dacdc0f9046e381a",
            "subnet_id": "subnet-0cebe8ce221ae180d",
            "timeouts": null
          },
          "sensitive_attributes": [],
          "identity_schema_version": 0,
          "private": "eyJlMmJmYjczMC1lY2FhLTExZTYtOGY4OC0zNDM2M2JjN2M0YzAiOnsiY3JlYXRlIjozMDAwMDAwMDAwMDAsImRlbGV0ZSI6MzAwMDAwMDAwMDAwLCJ1cGRhdGUiOjEyMDAwMDAwMDAwMH19",
          "dependencies": [
            "aws_route_table.public",
            "aws_subnet.public",
            "aws_vpc.eks_vpc",
            "data.aws_availability_zones.available",
            "data.aws_vpcs.existing"
          ]
        }
      ]
    },
    {
      "mode": "managed",
      "type": "aws_subnet",
      "name": "isolated",
      "provider": "provider[\"registry.terraform.io/hashicorp/aws\"]",
      "instances": [
        {
          "index_key": 0,
          "schema_version": 1,
          "attributes": {
            "arn": "arn:aws:ec2:us-east-1:382859795217:subnet/subnet-017337400b6c18476",
            "assign_ipv6_address_on_creation": false,
            "availability_zone": "us-east-1a",
            "availability_zone_id": "use1-az1",
            "cidr_block": "10.0.192.0/21",
            "customer_owned_ipv4_pool": "",
            "enable_dns64": false,
            "enable_lni_at_device_index": 0,
            "enable_resource_name_dns_a_record_on_launch": true,
            "enable_resource_name_dns_aaaa_record_on_launch": false,
            "id": "subnet-017337400b6c18476",
            "ipv6_cidr_block": "",
            "ipv6_cidr_block_association_id": "",
            "ipv6_native": false,
            "map_customer_owned_ip_on_launch": false,
            "map_public_ip_on_launch": false,
            "outpost_arn": "",
            "owner_id": "382859795217",
            "private_dns_hostname_type_on_launch": "ip-name",
            "region": "us-east-1",
            "tags": {
              "Name": "isolated-us-east-1a-1",
              "Type": "isolated"
            },
            "tags_all": {
              "Name": "isolated-us-east-1a-1",
              "Type": "isolated"
            },
            "timeouts": null,
            "vpc_id": "vpc-0d8fd6bec7712b053"
          },
          "sensitive_attributes": [],
          "identity_schema_version": 0,
          "identity": {
            "account_id": "382859795217",
            "id": "subnet-017337400b6c18476",
            "region": "us-east-1"
          },
          "private": "eyJlMmJmYjczMC1lY2FhLTExZTYtOGY4OC0zNDM2M2JjN2M0YzAiOnsiY3JlYXRlIjo2MDAwMDAwMDAwMDAsImRlbGV0ZSI6MTIwMDAwMDAwMDAwMH0sInNjaGVtYV92ZXJzaW9uIjoiMSJ9",
          "dependencies": [
            "aws_vpc.eks_vpc",
            "data.aws_availability_zones.available",
            "data.aws_vpcs.existing"
          ]
        },
        {
          "index_key": 1,
          "schema_version": 1,
          "attributes": {
            "arn": "arn:aws:ec2:us-east-1:382859795217:subnet/subnet-009bdc53d6916a127",
            "assign_ipv6_address_on_creation": false,
            "availability_zone": "us-east-1b",
            "availability_zone_id": "use1-az2",
            "cidr_block": "10.0.200.0/21",
            "customer_owned_ipv4_pool": "",
            "enable_dns64": false,
            "enable_lni_at_device_index": 0,
            "enable_resource_name_dns_a_record_on_launch": true,
            "enable_resource_name_dns_aaaa_record_on_launch": false,
            "id": "subnet-009bdc53d6916a127",
            "ipv6_cidr_block": "",
            "ipv6_cidr_block_association_id": "",
            "ipv6_native": false,
            "map_customer_owned_ip_on_launch": false,
            "map_public_ip_on_launch": false,
            "outpost_arn": "",
            "owner_id": "382859795217",
            "private_dns_hostname_type_on_launch": "ip-name",
            "region": "us-east-1",
            "tags": {
              "Name": "isolated-us-east-1b-2",
              "Type": "isolated"
            },
            "tags_all": {
              "Name": "isolated-us-east-1b-2",
              "Type": "isolated"
            },
            "timeouts": null,
            "vpc_id": "vpc-0d8fd6bec7712b053"
          },
          "sensitive_attributes": [],
          "identity_schema_version": 0,
          "identity": {
            "account_id": "382859795217",
            "id": "subnet-009bdc53d6916a127",
            "region": "us-east-1"
          },
          "private": "eyJlMmJmYjczMC1lY2FhLTExZTYtOGY4OC0zNDM2M2JjN2M0YzAiOnsiY3JlYXRlIjo2MDAwMDAwMDAwMDAsImRlbGV0ZSI6MTIwMDAwMDAwMDAwMH0sInNjaGVtYV92ZXJzaW9uIjoiMSJ9",
          "dependencies": [
            "aws_vpc.eks_vpc",
            "data.aws_availability_zones.available",
            "data.aws_vpcs.existing"
          ]
        },
        {
          "index_key": 2,
          "schema_version": 1,
          "attributes": {
            "arn": "arn:aws:ec2:us-east-1:382859795217:subnet/subnet-0e7a39e93527b1015",
            "assign_ipv6_address_on_creation": false,
            "availability_zone": "us-east-1c",
            "availability_zone_id": "use1-az4",
            "cidr_block": "10.0.208.0/21",
            "customer_owned_ipv4_pool": "",
            "enable_dns64": false,
            "enable_lni_at_device_index": 0,
            "enable_resource_name_dns_a_record_on_launch": true,
            "enable_resource_name_dns_aaaa_record_on_launch": false,
            "id": "subnet-0e7a39e93527b1015",
            "ipv6_cidr_block": "",
            "ipv6_cidr_block_association_id": "",
            "ipv6_native": false,
            "map_customer_owned_ip_on_launch": false,
            "map_public_ip_on_launch": false,
            "outpost_arn": "",
            "owner_id": "382859795217",
            "private_dns_hostname_type_on_launch": "ip-name",
            "region": "us-east-1",
            "tags": {
              "Name": "isolated-us-east-1c-3",
              "Type": "isolated"
            },
            "tags_all": {
              "Name": "isolated-us-east-1c-3",
              "Type": "isolated"
            },
            "timeouts": null,
            "vpc_id": "vpc-0d8fd6bec7712b053"
          },
          "sensitive_attributes": [],
          "identity_schema_version": 0,
          "identity": {
            "account_id": "382859795217",
            "id": "subnet-0e7a39e93527b1015",
            "region": "us-east-1"
          },
          "private": "eyJlMmJmYjczMC1lY2FhLTExZTYtOGY4OC0zNDM2M2JjN2M0YzAiOnsiY3JlYXRlIjo2MDAwMDAwMDAwMDAsImRlbGV0ZSI6MTIwMDAwMDAwMDAwMH0sInNjaGVtYV92ZXJzaW9uIjoiMSJ9",
          "dependencies": [
            "aws_vpc.eks_vpc",
            "data.aws_availability_zones.available",
            "data.aws_vpcs.existing"
          ]
        },
        {
          "index_key": 3,
          "schema_version": 1,
          "attributes": {
            "arn": "arn:aws:ec2:us-east-1:382859795217:subnet/subnet-0114347ce70fa6cda",
            "assign_ipv6_address_on_creation": false,
            "availability_zone": "us-east-1d",
            "availability_zone_id": "use1-az6",
            "cidr_block": "10.0.216.0/21",
            "customer_owned_ipv4_pool": "",
            "enable_dns64": false,
            "enable_lni_at_device_index": 0,
            "enable_resource_name_dns_a_record_on_launch": true,
            "enable_resource_name_dns_aaaa_record_on_launch": false,
            "id": "subnet-0114347ce70fa6cda",
            "ipv6_cidr_block": "",
            "ipv6_cidr_block_association_id": "",
            "ipv6_native": false,
            "map_customer_owned_ip_on_launch": false,
            "map_public_ip_on_launch": false,
            "outpost_arn": "",
            "owner_id": "382859795217",
            "private_dns_hostname_type_on_launch": "ip-name",
            "region": "us-east-1",
            "tags": {
              "Name": "isolated-us-east-1d-4",
              "Type": "isolated"
            },
            "tags_all": {
              "Name": "isolated-us-east-1d-4",
              "Type": "isolated"
            },
            "timeouts": null,
            "vpc_id": "vpc-0d8fd6bec7712b053"
          },
          "sensitive_attributes": [],
          "identity_schema_version": 0,
          "identity": {
            "account_id": "382859795217",
            "id": "subnet-0114347ce70fa6cda",
            "region": "us-east-1"
          },
          "private": "eyJlMmJmYjczMC1lY2FhLTExZTYtOGY4OC0zNDM2M2JjN2M0YzAiOnsiY3JlYXRlIjo2MDAwMDAwMDAwMDAsImRlbGV0ZSI6MTIwMDAwMDAwMDAwMH0sInNjaGVtYV92ZXJzaW9uIjoiMSJ9",
          "dependencies": [
            "aws_vpc.eks_vpc",
            "data.aws_availability_zones.available",
            "data.aws_vpcs.existing"
          ]
        }
      ]
    },
    {
      "mode": "managed",
      "type": "aws_subnet",
      "name": "private",
      "provider": "provider[\"registry.terraform.io/hashicorp/aws\"]",
      "instances": [
        {
          "index_key": 0,
          "schema_version": 1,
          "attributes": {
            "arn": "arn:aws:ec2:us-east-1:382859795217:subnet/subnet-0dbb23b716ee73a38",
            "assign_ipv6_address_on_creation": false,
            "availability_zone": "us-east-1a",
            "availability_zone_id": "use1-az1",
            "cidr_block": "10.0.0.0/19",
            "customer_owned_ipv4_pool": "",
            "enable_dns64": false,
            "enable_lni_at_device_index": 0,
            "enable_resource_name_dns_a_record_on_launch": true,
            "enable_resource_name_dns_aaaa_record_on_launch": false,
            "id": "subnet-0dbb23b716ee73a38",
            "ipv6_cidr_block": "",
            "ipv6_cidr_block_association_id": "",
            "ipv6_native": false,
            "map_customer_owned_ip_on_launch": false,
            "map_public_ip_on_launch": false,
            "outpost_arn": "",
            "owner_id": "382859795217",
            "private_dns_hostname_type_on_launch": "ip-name",
            "region": "us-east-1",
            "tags": {
              "Name": "private-us-east-1a-1",
              "Type": "private",
              "kubernetes.io/role/internal-elb": "1"
            },
            "tags_all": {
              "Name": "private-us-east-1a-1",
              "Type": "private",
              "kubernetes.io/role/internal-elb": "1"
            },
            "timeouts": null,
            "vpc_id": "vpc-0d8fd6bec7712b053"
          },
          "sensitive_attributes": [],
          "identity_schema_version": 0,
          "identity": {
            "account_id": "382859795217",
            "id": "subnet-0dbb23b716ee73a38",
            "region": "us-east-1"
          },
          "private": "eyJlMmJmYjczMC1lY2FhLTExZTYtOGY4OC0zNDM2M2JjN2M0YzAiOnsiY3JlYXRlIjo2MDAwMDAwMDAwMDAsImRlbGV0ZSI6MTIwMDAwMDAwMDAwMH0sInNjaGVtYV92ZXJzaW9uIjoiMSJ9",
          "dependencies": [
            "aws_vpc.eks_vpc",
            "data.aws_availability_zones.available",
            "data.aws_vpcs.existing"
          ]
        },
        {
          "index_key": 1,
          "schema_version": 1,
          "attributes": {
            "arn": "arn:aws:ec2:us-east-1:382859795217:subnet/subnet-000bf8fd7d4c4afa6",
            "assign_ipv6_address_on_creation": false,
            "availability_zone": "us-east-1b",
            "availability_zone_id": "use1-az2",
            "cidr_block": "10.0.32.0/19",
            "customer_owned_ipv4_pool": "",
            "enable_dns64": false,
            "enable_lni_at_device_index": 0,
            "enable_resource_name_dns_a_record_on_launch": true,
            "enable_resource_name_dns_aaaa_record_on_launch": false,
            "id": "subnet-000bf8fd7d4c4afa6",
            "ipv6_cidr_block": "",
            "ipv6_cidr_block_association_id": "",
            "ipv6_native": false,
            "map_customer_owned_ip_on_launch": false,
            "map_public_ip_on_launch": false,
            "outpost_arn": "",
            "owner_id": "382859795217",
            "private_dns_hostname_type_on_launch": "ip-name",
            "region": "us-east-1",
            "tags": {
              "Name": "private-us-east-1b-2",
              "Type": "private",
              "kubernetes.io/role/internal-elb": "1"
            },
            "tags_all": {
              "Name": "private-us-east-1b-2",
              "Type": "private",
              "kubernetes.io/role/internal-elb": "1"
            },
            "timeouts": null,
            "vpc_id": "vpc-0d8fd6bec7712b053"
          },
          "sensitive_attributes": [],
          "identity_schema_version": 0,
          "identity": {
            "account_id": "382859795217",
            "id": "subnet-000bf8fd7d4c4afa6",
            "region": "us-east-1"
          },
          "private": "eyJlMmJmYjczMC1lY2FhLTExZTYtOGY4OC0zNDM2M2JjN2M0YzAiOnsiY3JlYXRlIjo2MDAwMDAwMDAwMDAsImRlbGV0ZSI6MTIwMDAwMDAwMDAwMH0sInNjaGVtYV92ZXJzaW9uIjoiMSJ9",
          "dependencies": [
            "aws_vpc.eks_vpc",
            "data.aws_availability_zones.available",
            "data.aws_vpcs.existing"
          ]
        },
        {
          "index_key": 2,
          "schema_version": 1,
          "attributes": {
            "arn": "arn:aws:ec2:us-east-1:382859795217:subnet/subnet-0636953717e784e07",
            "assign_ipv6_address_on_creation": false,
            "availability_zone": "us-east-1c",
            "availability_zone_id": "use1-az4",
            "cidr_block": "10.0.64.0/19",
            "customer_owned_ipv4_pool": "",
            "enable_dns64": false,
            "enable_lni_at_device_index": 0,
            "enable_resource_name_dns_a_record_on_launch": true,
            "enable_resource_name_dns_aaaa_record_on_launch": false,
            "id": "subnet-0636953717e784e07",
            "ipv6_cidr_block": "",
            "ipv6_cidr_block_association_id": "",
            "ipv6_native": false,
            "map_customer_owned_ip_on_launch": false,
            "map_public_ip_on_launch": false,
            "outpost_arn": "",
            "owner_id": "382859795217",
            "private_dns_hostname_type_on_launch": "ip-name",
            "region": "us-east-1",
            "tags": {
              "Name": "private-us-east-1c-3",
              "Type": "private",
              "kubernetes.io/role/internal-elb": "1"
            },
            "tags_all": {
              "Name": "private-us-east-1c-3",
              "Type": "private",
              "kubernetes.io/role/internal-elb": "1"
            },
            "timeouts": null,
            "vpc_id": "vpc-0d8fd6bec7712b053"
          },
          "sensitive_attributes": [],
          "identity_schema_version": 0,
          "identity": {
            "account_id": "382859795217",
            "id": "subnet-0636953717e784e07",
            "region": "us-east-1"
          },
          "private": "eyJlMmJmYjczMC1lY2FhLTExZTYtOGY4OC0zNDM2M2JjN2M0YzAiOnsiY3JlYXRlIjo2MDAwMDAwMDAwMDAsImRlbGV0ZSI6MTIwMDAwMDAwMDAwMH0sInNjaGVtYV92ZXJzaW9uIjoiMSJ9",
          "dependencies": [
            "aws_vpc.eks_vpc",
            "data.aws_availability_zones.available",
            "data.aws_vpcs.existing"
          ]
        },
        {
          "index_key": 3,
          "schema_version": 1,
          "attributes": {
            "arn": "arn:aws:ec2:us-east-1:382859795217:subnet/subnet-0ec522f1d1b6ae976",
            "assign_ipv6_address_on_creation": false,
            "availability_zone": "us-east-1d",
            "availability_zone_id": "use1-az6",
            "cidr_block": "10.0.96.0/19",
            "customer_owned_ipv4_pool": "",
            "enable_dns64": false,
            "enable_lni_at_device_index": 0,
            "enable_resource_name_dns_a_record_on_launch": true,
            "enable_resource_name_dns_aaaa_record_on_launch": false,
            "id": "subnet-0ec522f1d1b6ae976",
            "ipv6_cidr_block": "",
            "ipv6_cidr_block_association_id": "",
            "ipv6_native": false,
            "map_customer_owned_ip_on_launch": false,
            "map_public_ip_on_launch": false,
            "outpost_arn": "",
            "owner_id": "382859795217",
            "private_dns_hostname_type_on_launch": "ip-name",
            "region": "us-east-1",
            "tags": {
              "Name": "private-us-east-1d-4",
              "Type": "private",
              "kubernetes.io/role/internal-elb": "1"
            },
            "tags_all": {
              "Name": "private-us-east-1d-4",
              "Type": "private",
              "kubernetes.io/role/internal-elb": "1"
            },
            "timeouts": null,
            "vpc_id": "vpc-0d8fd6bec7712b053"
          },
          "sensitive_attributes": [],
          "identity_schema_version": 0,
          "identity": {
            "account_id": "382859795217",
            "id": "subnet-0ec522f1d1b6ae976",
            "region": "us-east-1"
          },
          "private": "eyJlMmJmYjczMC1lY2FhLTExZTYtOGY4OC0zNDM2M2JjN2M0YzAiOnsiY3JlYXRlIjo2MDAwMDAwMDAwMDAsImRlbGV0ZSI6MTIwMDAwMDAwMDAwMH0sInNjaGVtYV92ZXJzaW9uIjoiMSJ9",
          "dependencies": [
            "aws_vpc.eks_vpc",
            "data.aws_availability_zones.available",
            "data.aws_vpcs.existing"
          ]
        }
      ]
    },
    {
      "mode": "managed",
      "type": "aws_subnet",
      "name": "public",
      "provider": "provider[\"registry.terraform.io/hashicorp/aws\"]",
      "instances": [
        {
          "index_key": 0,
          "schema_version": 1,
          "attributes": {
            "arn": "arn:aws:ec2:us-east-1:382859795217:subnet/subnet-0304a18c42fe5f2f2",
            "assign_ipv6_address_on_creation": false,
            "availability_zone": "us-east-1a",
            "availability_zone_id": "use1-az1",
            "cidr_block": "10.0.128.0/20",
            "customer_owned_ipv4_pool": "",
            "enable_dns64": false,
            "enable_lni_at_device_index": 0,
            "enable_resource_name_dns_a_record_on_launch": true,
            "enable_resource_name_dns_aaaa_record_on_launch": false,
            "id": "subnet-0304a18c42fe5f2f2",
            "ipv6_cidr_block": "",
            "ipv6_cidr_block_association_id": "",
            "ipv6_native": false,
            "map_customer_owned_ip_on_launch": false,
            "map_public_ip_on_launch": true,
            "outpost_arn": "",
            "owner_id": "382859795217",
            "private_dns_hostname_type_on_launch": "ip-name",
            "region": "us-east-1",
            "tags": {
              "Name": "public-us-east-1a-1",
              "Type": "public",
              "kubernetes.io/role/elb": "1"
            },
            "tags_all": {
              "Name": "public-us-east-1a-1",
              "Type": "public",
              "kubernetes.io/role/elb": "1"
            },
            "timeouts": null,
            "vpc_id": "vpc-0d8fd6bec7712b053"
          },
          "sensitive_attributes": [],
          "identity_schema_version": 0,
          "identity": {
            "account_id": "382859795217",
            "id": "subnet-0304a18c42fe5f2f2",
            "region": "us-east-1"
          },
          "private": "eyJlMmJmYjczMC1lY2FhLTExZTYtOGY4OC0zNDM2M2JjN2M0YzAiOnsiY3JlYXRlIjo2MDAwMDAwMDAwMDAsImRlbGV0ZSI6MTIwMDAwMDAwMDAwMH0sInNjaGVtYV92ZXJzaW9uIjoiMSJ9",
          "dependencies": [
            "aws_vpc.eks_vpc",
            "data.aws_availability_zones.available",
            "data.aws_vpcs.existing"
          ]
        },
        {
          "index_key": 1,
          "schema_version": 1,
          "attributes": {
            "arn": "arn:aws:ec2:us-east-1:382859795217:subnet/subnet-068c35d60204759cf",
            "assign_ipv6_address_on_creation": false,
            "availability_zone": "us-east-1b",
            "availability_zone_id": "use1-az2",
            "cidr_block": "10.0.144.0/20",
            "customer_owned_ipv4_pool": "",
            "enable_dns64": false,
            "enable_lni_at_device_index": 0,
            "enable_resource_name_dns_a_record_on_launch": true,
            "enable_resource_name_dns_aaaa_record_on_launch": false,
            "id": "subnet-068c35d60204759cf",
            "ipv6_cidr_block": "",
            "ipv6_cidr_block_association_id": "",
            "ipv6_native": false,
            "map_customer_owned_ip_on_launch": false,
            "map_public_ip_on_launch": true,
            "outpost_arn": "",
            "owner_id": "382859795217",
            "private_dns_hostname_type_on_launch": "ip-name",
            "region": "us-east-1",
            "tags": {
              "Name": "public-us-east-1b-2",
              "Type": "public",
              "kubernetes.io/role/elb": "1"
            },
            "tags_all": {
              "Name": "public-us-east-1b-2",
              "Type": "public",
              "kubernetes.io/role/elb": "1"
            },
            "timeouts": null,
            "vpc_id": "vpc-0d8fd6bec7712b053"
          },
          "sensitive_attributes": [],
          "identity_schema_version": 0,
          "identity": {
            "account_id": "382859795217",
            "id": "subnet-068c35d60204759cf",
            "region": "us-east-1"
          },
          "private": "eyJlMmJmYjczMC1lY2FhLTExZTYtOGY4OC0zNDM2M2JjN2M0YzAiOnsiY3JlYXRlIjo2MDAwMDAwMDAwMDAsImRlbGV0ZSI6MTIwMDAwMDAwMDAwMH0sInNjaGVtYV92ZXJzaW9uIjoiMSJ9",
          "dependencies": [
            "aws_vpc.eks_vpc",
            "data.aws_availability_zones.available",
            "data.aws_vpcs.existing"
          ]
        },
        {
          "index_key": 2,
          "schema_version": 1,
          "attributes": {
            "arn": "arn:aws:ec2:us-east-1:382859795217:subnet/subnet-04065d112fcabd4aa",
            "assign_ipv6_address_on_creation": false,
            "availability_zone": "us-east-1c",
            "availability_zone_id": "use1-az4",
            "cidr_block": "10.0.160.0/20",
            "customer_owned_ipv4_pool": "",
            "enable_dns64": false,
            "enable_lni_at_device_index": 0,
            "enable_resource_name_dns_a_record_on_launch": true,
            "enable_resource_name_dns_aaaa_record_on_launch": false,
            "id": "subnet-04065d112fcabd4aa",
            "ipv6_cidr_block": "",
            "ipv6_cidr_block_association_id": "",
            "ipv6_native": false,
            "map_customer_owned_ip_on_launch": false,
            "map_public_ip_on_launch": true,
            "outpost_arn": "",
            "owner_id": "382859795217",
            "private_dns_hostname_type_on_launch": "ip-name",
            "region": "us-east-1",
            "tags": {
              "Name": "public-us-east-1c-3",
              "Type": "public",
              "kubernetes.io/role/elb": "1"
            },
            "tags_all": {
              "Name": "public-us-east-1c-3",
              "Type": "public",
              "kubernetes.io/role/elb": "1"
            },
            "timeouts": null,
            "vpc_id": "vpc-0d8fd6bec7712b053"
          },
          "sensitive_attributes": [],
          "identity_schema_version": 0,
          "identity": {
            "account_id": "382859795217",
            "id": "subnet-04065d112fcabd4aa",
            "region": "us-east-1"
          },
          "private": "eyJlMmJmYjczMC1lY2FhLTExZTYtOGY4OC0zNDM2M2JjN2M0YzAiOnsiY3JlYXRlIjo2MDAwMDAwMDAwMDAsImRlbGV0ZSI6MTIwMDAwMDAwMDAwMH0sInNjaGVtYV92ZXJzaW9uIjoiMSJ9",
          "dependencies": [
            "aws_vpc.eks_vpc",
            "data.aws_availability_zones.available",
            "data.aws_vpcs.existing"
          ]
        },
        {
          "index_key": 3,
          "schema_version": 1,
          "attributes": {
            "arn": "arn:aws:ec2:us-east-1:382859795217:subnet/subnet-0cebe8ce221ae180d",
            "assign_ipv6_address_on_creation": false,
            "availability_zone": "us-east-1d",
            "availability_zone_id": "use1-az6",
            "cidr_block": "10.0.176.0/20",
            "customer_owned_ipv4_pool": "",
            "enable_dns64": false,
            "enable_lni_at_device_index": 0,
            "enable_resource_name_dns_a_record_on_launch": true,
            "enable_resource_name_dns_aaaa_record_on_launch": false,
            "id": "subnet-0cebe8ce221ae180d",
            "ipv6_cidr_block": "",
            "ipv6_cidr_block_association_id": "",
            "ipv6_native": false,
            "map_customer_owned_ip_on_launch": false,
            "map_public_ip_on_launch": true,
            "outpost_arn": "",
            "owner_id": "382859795217",
            "private_dns_hostname_type_on_launch": "ip-name",
            "region": "us-east-1",
            "tags": {
              "Name": "public-us-east-1d-4",
              "Type": "public",
              "kubernetes.io/role/elb": "1"
            },
            "tags_all": {
              "Name": "public-us-east-1d-4",
              "Type": "public",
              "kubernetes.io/role/elb": "1"
            },
            "timeouts": null,
            "vpc_id": "vpc-0d8fd6bec7712b053"
          },
          "sensitive_attributes": [],
          "identity_schema_version": 0,
          "identity": {
            "account_id": "382859795217",
            "id": "subnet-0cebe8ce221ae180d",
            "region": "us-east-1"
          },
          "private": "eyJlMmJmYjczMC1lY2FhLTExZTYtOGY4OC0zNDM2M2JjN2M0YzAiOnsiY3JlYXRlIjo2MDAwMDAwMDAwMDAsImRlbGV0ZSI6MTIwMDAwMDAwMDAwMH0sInNjaGVtYV92ZXJzaW9uIjoiMSJ9",
          "dependencies": [
            "aws_vpc.eks_vpc",
            "data.aws_availability_zones.available",
            "data.aws_vpcs.existing"
          ]
        }
      ]
    },
    {
      "mode": "managed",
      "type": "aws_vpc",
      "name": "eks_vpc",
      "provider": "provider[\"registry.terraform.io/hashicorp/aws\"]",
      "instances": [
        {
          "schema_version": 1,
          "attributes": {
            "arn": "arn:aws:ec2:us-east-1:382859795217:vpc/vpc-0d8fd6bec7712b053",
            "assign_generated_ipv6_cidr_block": false,
            "cidr_block": "10.0.0.0/16",
            "default_network_acl_id": "acl-07e18dd06fe15c7d6",
            "default_route_table_id": "rtb-07763038179c3cd22",
            "default_security_group_id": "sg-00820c1462b1b9a37",
            "dhcp_options_id": "dopt-0998f08d3529ffacf",
            "enable_dns_hostnames": true,
            "enable_dns_support": true,
            "enable_network_address_usage_metrics": false,
            "id": "vpc-0d8fd6bec7712b053",
            "instance_tenancy": "default",
            "ipv4_ipam_pool_id": null,
            "ipv4_netmask_length": null,
            "ipv6_association_id": "",
            "ipv6_cidr_block": "",
            "ipv6_cidr_block_network_border_group": "",
            "ipv6_ipam_pool_id": "",
            "ipv6_netmask_length": 0,
            "main_route_table_id": "rtb-07763038179c3cd22",
            "owner_id": "382859795217",
            "region": "us-east-1",
            "tags": {},
            "tags_all": {
              "Name": "Venkata"
            }
          },
          "sensitive_attributes": [],
          "identity_schema_version": 0,
          "identity": {
            "account_id": "382859795217",
            "id": "vpc-0d8fd6bec7712b053",
            "region": "us-east-1"
          },
          "private": "eyJzY2hlbWFfdmVyc2lvbiI6IjEifQ==",
          "dependencies": [
            "data.aws_vpcs.existing"
          ]
        }
      ]
    },
    {
      "mode": "managed",
      "type": "terraform_data",
      "name": "subnet_validation",
      "provider": "provider[\"terraform.io/builtin/terraform\"]",
      "instances": [
        {
          "schema_version": 0,
          "attributes": {
            "id": "bc2069dd-7511-50c6-cd4f-77ea343cd9f4",
            "input": null,
            "output": null,
            "triggers_replace": null
          },
          "sensitive_attributes": [],
          "identity_schema_version": 0,
          "dependencies": [
            "data.aws_availability_zones.available"
          ]
        }
      ]
    }
  ],
  "check_results": [
    {
      "object_kind": "resource",
      "config_addr": "aws_vpc.eks_vpc",
      "status": "pass",
      "objects": [
        {
          "object_addr": "aws_vpc.eks_vpc",
          "status": "pass"
        }
      ]
    },
    {
      "object_kind": "var",
      "config_addr": "var.cidr_block",
      "status": "pass",
      "objects": [
        {
          "object_addr": "var.cidr_block",
          "status": "pass"
        }
      ]
    },
    {
      "object_kind": "var",
      "config_addr": "var.public_subnet_count",
      "status": "pass",
      "objects": [
        {
          "object_addr": "var.public_subnet_count",
          "status": "pass"
        }
      ]
    },
    {
      "object_kind": "var",
      "config_addr": "var.private_subnet_count",
      "status": "pass",
      "objects": [
        {
          "object_addr": "var.private_subnet_count",
          "status": "pass"
        }
      ]
    },
    {
      "object_kind": "var",
      "config_addr": "var.isolated_subnet_count",
      "status": "pass",
      "objects": [
        {
          "object_addr": "var.isolated_subnet_count",
          "status": "pass"
        }
      ]
    },
    {
      "object_kind": "var",
      "config_addr": "var.nat_gateway_mode",
      "status": "pass",
      "objects": [
        {
          "object_addr": "var.nat_gateway_mode",
          "status": "pass"
        }
      ]
    },
    {
      "object_kind": "resource",
      "config_addr": "terraform_data.subnet_validation",
      "status": "pass",
      "objects": [
        {
          "object_addr": "terraform_data.subnet_validation",
          "status": "pass"
        }
      ]
    }
  ]
}
